
Microsoft Visual Studio Solution File, Format Version 12.00
# Visual Studio 15
VisualStudioVersion = 15.0.26124.0
MinimumVisualStudioVersion = 15.0.26124.0
Project("{2150E333-8FDC-42A3-9474-1A3956D46DE8}") = "src", "src", "{8C106311-7720-45A4-9D6F-95FA0403D88C}"
EndProject
Project("{FAE04EC0-301F-11D3-BF4B-00C04F79EFBC}") = "LinkManager.Domain", "src\LinkManager.Domain\LinkManager.Domain.csproj", "{55845616-31C1-4C20-905F-DD7F17F39A26}"
EndProject
Project("{FAE04EC0-301F-11D3-BF4B-00C04F79EFBC}") = "LinkManager.BusinessRules", "src\LinkManager.BusinessRules\LinkManager.BusinessRules.csproj", "{E101D6CF-7F01-4905-8CA4-62BDD1C2003E}"
EndProject
Project("{FAE04EC0-301F-11D3-BF4B-00C04F79EFBC}") = "LinkManager.Helpers", "src\LinkManager.Helpers\LinkManager.Helpers.csproj", "{A7BF0497-3B44-4D0A-9137-B6C6CA89AF96}"
EndProject
Project("{FAE04EC0-301F-11D3-BF4B-00C04F79EFBC}") = "LinkManager.Api.GraphQL", "src\LinkManager.Api.GraphQL\LinkManager.Api.GraphQL.csproj", "{45DACD55-7CB5-4DF8-9949-D96634ED978A}"
EndProject
Global
	GlobalSection(SolutionConfigurationPlatforms) = preSolution
		Debug|Any CPU = Debug|Any CPU
		Debug|x64 = Debug|x64
		Debug|x86 = Debug|x86
		Release|Any CPU = Release|Any CPU
		Release|x64 = Release|x64
		Release|x86 = Release|x86
	EndGlobalSection
	GlobalSection(SolutionProperties) = preSolution
		HideSolutionNode = FALSE
	EndGlobalSection
	GlobalSection(ProjectConfigurationPlatforms) = postSolution
		{55845616-31C1-4C20-905F-DD7F17F39A26}.Debug|Any CPU.ActiveCfg = Debug|Any CPU
		{55845616-31C1-4C20-905F-DD7F17F39A26}.Debug|Any CPU.Build.0 = Debug|Any CPU
		{55845616-31C1-4C20-905F-DD7F17F39A26}.Debug|x64.ActiveCfg = Debug|Any CPU
		{55845616-31C1-4C20-905F-DD7F17F39A26}.Debug|x64.Build.0 = Debug|Any CPU
		{55845616-31C1-4C20-905F-DD7F17F39A26}.Debug|x86.ActiveCfg = Debug|Any CPU
		{55845616-31C1-4C20-905F-DD7F17F39A26}.Debug|x86.Build.0 = Debug|Any CPU
		{55845616-31C1-4C20-905F-DD7F17F39A26}.Release|Any CPU.ActiveCfg = Release|Any CPU
		{55845616-31C1-4C20-905F-DD7F17F39A26}.Release|Any CPU.Build.0 = Release|Any CPU
		{55845616-31C1-4C20-905F-DD7F17F39A26}.Release|x64.ActiveCfg = Release|Any CPU
		{55845616-31C1-4C20-905F-DD7F17F39A26}.Release|x64.Build.0 = Release|Any CPU
		{55845616-31C1-4C20-905F-DD7F17F39A26}.Release|x86.ActiveCfg = Release|Any CPU
		{55845616-31C1-4C20-905F-DD7F17F39A26}.Release|x86.Build.0 = Release|Any CPU
		{E101D6CF-7F01-4905-8CA4-62BDD1C2003E}.Debug|Any CPU.ActiveCfg = Debug|Any CPU
		{E101D6CF-7F01-4905-8CA4-62BDD1C2003E}.Debug|Any CPU.Build.0 = Debug|Any CPU
		{E101D6CF-7F01-4905-8CA4-62BDD1C2003E}.Debug|x64.ActiveCfg = Debug|Any CPU
		{E101D6CF-7F01-4905-8CA4-62BDD1C2003E}.Debug|x64.Build.0 = Debug|Any CPU
		{E101D6CF-7F01-4905-8CA4-62BDD1C2003E}.Debug|x86.ActiveCfg = Debug|Any CPU
		{E101D6CF-7F01-4905-8CA4-62BDD1C2003E}.Debug|x86.Build.0 = Debug|Any CPU
		{E101D6CF-7F01-4905-8CA4-62BDD1C2003E}.Release|Any CPU.ActiveCfg = Release|Any CPU
		{E101D6CF-7F01-4905-8CA4-62BDD1C2003E}.Release|Any CPU.Build.0 = Release|Any CPU
		{E101D6CF-7F01-4905-8CA4-62BDD1C2003E}.Release|x64.ActiveCfg = Release|Any CPU
		{E101D6CF-7F01-4905-8CA4-62BDD1C2003E}.Release|x64.Build.0 = Release|Any CPU
		{E101D6CF-7F01-4905-8CA4-62BDD1C2003E}.Release|x86.ActiveCfg = Release|Any CPU
		{E101D6CF-7F01-4905-8CA4-62BDD1C2003E}.Release|x86.Build.0 = Release|Any CPU
		{A7BF0497-3B44-4D0A-9137-B6C6CA89AF96}.Debug|Any CPU.ActiveCfg = Debug|Any CPU
		{A7BF0497-3B44-4D0A-9137-B6C6CA89AF96}.Debug|Any CPU.Build.0 = Debug|Any CPU
		{A7BF0497-3B44-4D0A-9137-B6C6CA89AF96}.Debug|x64.ActiveCfg = Debug|Any CPU
		{A7BF0497-3B44-4D0A-9137-B6C6CA89AF96}.Debug|x64.Build.0 = Debug|Any CPU
		{A7BF0497-3B44-4D0A-9137-B6C6CA89AF96}.Debug|x86.ActiveCfg = Debug|Any CPU
		{A7BF0497-3B44-4D0A-9137-B6C6CA89AF96}.Debug|x86.Build.0 = Debug|Any CPU
		{A7BF0497-3B44-4D0A-9137-B6C6CA89AF96}.Release|Any CPU.ActiveCfg = Release|Any CPU
		{A7BF0497-3B44-4D0A-9137-B6C6CA89AF96}.Release|Any CPU.Build.0 = Release|Any CPU
		{A7BF0497-3B44-4D0A-9137-B6C6CA89AF96}.Release|x64.ActiveCfg = Release|Any CPU
		{A7BF0497-3B44-4D0A-9137-B6C6CA89AF96}.Release|x64.Build.0 = Release|Any CPU
		{A7BF0497-3B44-4D0A-9137-B6C6CA89AF96}.Release|x86.ActiveCfg = Release|Any CPU
		{A7BF0497-3B44-4D0A-9137-B6C6CA89AF96}.Release|x86.Build.0 = Release|Any CPU
		{45DACD55-7CB5-4DF8-9949-D96634ED978A}.Debug|Any CPU.ActiveCfg = Debug|Any CPU
		{45DACD55-7CB5-4DF8-9949-D96634ED978A}.Debug|Any CPU.Build.0 = Debug|Any CPU
		{45DACD55-7CB5-4DF8-9949-D96634ED978A}.Debug|x64.ActiveCfg = Debug|Any CPU
		{45DACD55-7CB5-4DF8-9949-D96634ED978A}.Debug|x64.Build.0 = Debug|Any CPU
		{45DACD55-7CB5-4DF8-9949-D96634ED978A}.Debug|x86.ActiveCfg = Debug|Any CPU
		{45DACD55-7CB5-4DF8-9949-D96634ED978A}.Debug|x86.Build.0 = Debug|Any CPU
		{45DACD55-7CB5-4DF8-9949-D96634ED978A}.Release|Any CPU.ActiveCfg = Release|Any CPU
		{45DACD55-7CB5-4DF8-9949-D96634ED978A}.Release|Any CPU.Build.0 = Release|Any CPU
		{45DACD55-7CB5-4DF8-9949-D96634ED978A}.Release|x64.ActiveCfg = Release|Any CPU
		{45DACD55-7CB5-4DF8-9949-D96634ED978A}.Release|x64.Build.0 = Release|Any CPU
		{45DACD55-7CB5-4DF8-9949-D96634ED978A}.Release|x86.ActiveCfg = Release|Any CPU
		{45DACD55-7CB5-4DF8-9949-D96634ED978A}.Release|x86.Build.0 = Release|Any CPU
	EndGlobalSection
	GlobalSection(NestedProjects) = preSolution
		{55845616-31C1-4C20-905F-DD7F17F39A26} = {8C106311-7720-45A4-9D6F-95FA0403D88C}
		{E101D6CF-7F01-4905-8CA4-62BDD1C2003E} = {8C106311-7720-45A4-9D6F-95FA0403D88C}
		{A7BF0497-3B44-4D0A-9137-B6C6CA89AF96} = {8C106311-7720-45A4-9D6F-95FA0403D88C}
		{45DACD55-7CB5-4DF8-9949-D96634ED978A} = {8C106311-7720-45A4-9D6F-95FA0403D88C}
	EndGlobalSection
EndGlobal
